// !$*UTF8*$!
{
	archiveVersion = 1;
	classes = {
	};
	objectVersion = 46;
	objects = {

/* Begin PBXBuildFile section */
		C2C5FE2B1C886BF400667D3E /* AppDelegate.swift in Sources */ = {isa = PBXBuildFile; fileRef = C2C5FE2A1C886BF400667D3E /* AppDelegate.swift */; };
		C2C5FE2D1C886BF400667D3E /* ViewController.swift in Sources */ = {isa = PBXBuildFile; fileRef = C2C5FE2C1C886BF400667D3E /* ViewController.swift */; };
		C2C5FE301C886BF400667D3E /* Main.storyboard in Resources */ = {isa = PBXBuildFile; fileRef = C2C5FE2E1C886BF400667D3E /* Main.storyboard */; };
		C2C5FE321C886BF500667D3E /* Assets.xcassets in Resources */ = {isa = PBXBuildFile; fileRef = C2C5FE311C886BF500667D3E /* Assets.xcassets */; };
		C2C5FE351C886BF500667D3E /* LaunchScreen.storyboard in Resources */ = {isa = PBXBuildFile; fileRef = C2C5FE331C886BF500667D3E /* LaunchScreen.storyboard */; };
/* End PBXBuildFile section */

/* Begin PBXFileReference section */
		C2C5FE271C886BF400667D3E /* Awesome Weather App.app */ = {isa = PBXFileReference; explicitFileType = wrapper.application; includeInIndex = 0; path = "Awesome Weather App.app"; sourceTree = BUILT_PRODUCTS_DIR; };
		C2C5FE2A1C886BF400667D3E /* AppDelegate.swift */ = {isa = PBXFileReference; lastKnownFileType = sourcecode.swift; path = AppDelegate.swift; sourceTree = "<group>"; };
		C2C5FE2C1C886BF400667D3E /* ViewController.swift */ = {isa = PBXFileReference; lastKnownFileType = sourcecode.swift; path = ViewController.swift; sourceTree = "<group>"; };
		C2C5FE2F1C886BF400667D3E /* Base */ = {isa = PBXFileReference; lastKnownFileType = file.storyboard; name = Base; path = Base.lproj/Main.storyboard; sourceTree = "<group>"; };
		C2C5FE311C886BF500667D3E /* Assets.xcassets */ = {isa = PBXFileReference; lastKnownFileType = folder.assetcatalog; path = Assets.xcassets; sourceTree = "<group>"; };
		C2C5FE341C886BF500667D3E /* Base */ = {isa = PBXFileReference; lastKnownFileType = file.storyboard; name = Base; path = Base.lproj/LaunchScreen.storyboard; sourceTree = "<group>"; };
		C2C5FE361C886BF500667D3E /* Info.plist */ = {isa = PBXFileReference; lastKnownFileType = text.plist.xml; path = Info.plist; sourceTree = "<group>"; };
/* End PBXFileReference section */

/* Begin PBXFrameworksBuildPhase section */
		C2C5FE241C886BF400667D3E /* Frameworks */ = {
			isa = PBXFrameworksBuildPhase;
			buildActionMask = 2147483647;
			files = (
			);
			runOnlyForDeploymentPostprocessing = 0;
		};
/* End PBXFrameworksBuildPhase section */

/* Begin PBXGroup section */
		C2C5FE1E1C886BF400667D3E = {
			isa = PBXGroup;
			children = (
				C2C5FE291C886BF400667D3E /* Awesome Weather App */,
				C2C5FE281C886BF400667D3E /* Products */,
			);
			sourceTree = "<group>";
		};
		C2C5FE281C886BF400667D3E /* Products */ = {
			isa = PBXGroup;
			children = (
				C2C5FE271C886BF400667D3E /* Awesome Weather App.app */,
			);
			name = Products;
			sourceTree = "<group>";
		};
		C2C5FE291C886BF400667D3E /* Awesome Weather App */ = {
			isa = PBXGroup;
			children = (
				C2C5FE2A1C886BF400667D3E /* AppDelegate.swift */,
				C2C5FE2C1C886BF400667D3E /* ViewController.swift */,
				C2C5FE2E1C886BF400667D3E /* Main.storyboard */,
				C2C5FE311C886BF500667D3E /* Assets.xcassets */,
				C2C5FE331C886BF500667D3E /* LaunchScreen.storyboard */,
				C2C5FE361C886BF500667D3E /* Info.plist */,
			);
			path = "Awesome Weather App";
			sourceTree = "<group>";
		};
/* End PBXGroup section */

/* Begin PBXNativeTarget section */
		C2C5FE261C886BF400667D3E /* Awesome Weather App */ = {
			isa = PBXNativeTarget;
			buildConfigurationList = C2C5FE391C886BF500667D3E /* Build configuration list for PBXNativeTarget "Awesome Weather App" */;
			buildPhases = (
				C2C5FE231C886BF400667D3E /* Sources */,
				C2C5FE241C886BF400667D3E /* Frameworks */,
				C2C5FE251C886BF400667D3E /* Resources */,
			);
			buildRules = (
			);
			dependencies = (
			);
			name = "Awesome Weather App";
			productName = "Awesome Weather App";
			productReference = C2C5FE271C886BF400667D3E /* Awesome Weather App.app */;
			productType = "com.apple.product-type.application";
		};
/* End PBXNativeTarget section */

/* Begin PBXProject section */
		C2C5FE1F1C886BF400667D3E /* Project object */ = {
			isa = PBXProject;
			attributes = {
				LastSwiftUpdateCheck = 0720;
				LastUpgradeCheck = 0720;
				ORGANIZATIONNAME = "Winter, Yannick";
				TargetAttributes = {
					C2C5FE261C886BF400667D3E = {
						CreatedOnToolsVersion = 7.2;
						DevelopmentTeam = GFER9L4EC4;
					};
				};
			};
			buildConfigurationList = C2C5FE221C886BF400667D3E /* Build configuration list for PBXProject "Awesome Weather App" */;
			compatibilityVersion = "Xcode 3.2";
			developmentRegion = English;
			hasScannedForEncodings = 0;
			knownRegions = (
				en,
				Base,
			);
			mainGroup = C2C5FE1E1C886BF400667D3E;
			productRefGroup = C2C5FE281C886BF400667D3E /* Products */;
			projectDirPath = "";
			projectRoot = "";
			targets = (
				C2C5FE261C886BF400667D3E /* Awesome Weather App */,
			);
		};
/* End PBXProject section */

/* Begin PBXResourcesBuildPhase section */
		C2C5FE251C886BF400667D3E /* Resources */ = {
			isa = PBXResourcesBuildPhase;
			buildActionMask = 2147483647;
			files = (
				C2C5FE351C886BF500667D3E /* LaunchScreen.storyboard in Resources */,
				C2C5FE321C886BF500667D3E /* Assets.xcassets in Resources */,
				C2C5FE301C886BF400667D3E /* Main.storyboard in Resources */,
			);
			runOnlyForDeploymentPostprocessing = 0;
		};
/* End PBXResourcesBuildPhase section */

/* Begin PBXSourcesBuildPhase section */
		C2C5FE231C886BF400667D3E /* Sources */ = {
			isa = PBXSourcesBuildPhase;
			buildActionMask = 2147483647;
			files = (
				C2C5FE2D1C886BF400667D3E /* ViewController.swift in Sources */,
				C2C5FE2B1C886BF400667D3E /* AppDelegate.swift in Sources */,
			);
			runOnlyForDeploymentPostprocessing = 0;
		};
/* End PBXSourcesBuildPhase section */

/* Begin PBXVariantGroup section */
		C2C5FE2E1C886BF400667D3E /* Main.storyboard */ = {
			isa = PBXVariantGroup;
			children = (
				C2C5FE2F1C886BF400667D3E /* Base */,
			);
			name = Main.storyboard;
			sourceTree = "<group>";
		};
		C2C5FE331C886BF500667D3E /* LaunchScreen.storyboard */ = {
			isa = PBXVariantGroup;
			children = (
				C2C5FE341C886BF500667D3E /* Base */,
			);
			name = LaunchScreen.storyboard;
			sourceTree = "<group>";
		};
/* End PBXVariantGroup section */

/* Begin XCBuildConfiguration section */
		C2C5FE371C886BF500667D3E /* Debug */ = {
			isa = XCBuildConfiguration;
			buildSettings = {
				ALWAYS_SEARCH_USER_PATHS = NO;
				CLANG_CXX_LANGUAGE_STANDARD = "gnu++0x";
				CLANG_CXX_LIBRARY = "libc++";
				CLANG_ENABLE_MODULES = YES;
				CLANG_ENABLE_OBJC_ARC = YES;
				CLANG_WARN_BOOL_CONVERSION = YES;
				CLANG_WARN_CONSTANT_CONVERSION = YES;
				CLANG_WARN_DIRECT_OBJC_ISA_USAGE = YES_ERROR;
				CLANG_WARN_EMPTY_BODY = YES;
				CLANG_WARN_ENUM_CONVERSION = YES;
				CLANG_WARN_INT_CONVERSION = YES;
				CLANG_WARN_OBJC_ROOT_CLASS = YES_ERROR;
				CLANG_WARN_UNREACHABLE_CODE = YES;
				CLANG_WARN__DUPLICATE_METHOD_MATCH = YES;
				"CODE_SIGN_IDENTITY[sdk=iphoneos*]" = "iPhone Developer";
				COPY_PHASE_STRIP = NO;
				DEBUG_INFORMATION_FORMAT = dwarf;
				ENABLE_STRICT_OBJC_MSGSEND = YES;
				ENABLE_TESTABILITY = YES;
				GCC_C_LANGUAGE_STANDARD = gnu99;
				GCC_DYNAMIC_NO_PIC = NO;
				GCC_NO_COMMON_BLOCKS = YES;
				GCC_OPTIMIZATION_LEVEL = 0;
				GCC_PREPROCESSOR_DEFINITIONS = (
					"DEBUG=1",
					"$(inherited)",
				);
				GCC_WARN_64_TO_32_BIT_CONVERSION = YES;
				GCC_WARN_ABOUT_RETURN_TYPE = YES_ERROR;
				GCC_WARN_UNDECLARED_SELECTOR = YES;
				GCC_WARN_UNINITIALIZED_AUTOS = YES_AGGRESSIVE;
				GCC_WARN_UNUSED_FUNCTION = YES;
				GCC_WARN_UNUSED_VARIABLE = YES;
				IPHONEOS_DEPLOYMENT_TARGET = 9.2;
				MTL_ENABLE_DEBUG_INFO = YES;
				ONLY_ACTIVE_ARCH = YES;
				SDKROOT = iphoneos;
				SWIFT_OPTIMIZATION_LEVEL = "-Onone";
				TARGETED_DEVICE_FAMILY = "1,2";
			};
			name = Debug;
		};
		C2C5FE381C886BF500667D3E /* Release */ = {
			isa = XCBuildConfiguration;
			buildSettings = {
				ALWAYS_SEARCH_USER_PATHS = NO;
				CLANG_CXX_LANGUAGE_STANDARD = "gnu++0x";
				CLANG_CXX_LIBRARY = "libc++";
				CLANG_ENABLE_MODULES = YES;
				CLANG_ENABLE_OBJC_ARC = YES;
				CLANG_WARN_BOOL_CONVERSION = YES;
				CLANG_WARN_CONSTANT_CONVERSION = YES;
				CLANG_WARN_DIRECT_OBJC_ISA_USAGE = YES_ERROR;
				CLANG_WARN_EMPTY_BODY = YES;
				CLANG_WARN_ENUM_CONVERSION = YES;
				CLANG_WARN_INT_CONVERSION = YES;
				CLANG_WARN_OBJC_ROOT_CLASS = YES_ERROR;
				CLANG_WARN_UNREACHABLE_CODE = YES;
				CLANG_WARN__DUPLICATE_METHOD_MATCH = YES;
				"CODE_SIGN_IDENTITY[sdk=iphoneos*]" = "iPhone Developer";
				COPY_PHASE_STRIP = NO;
				DEBUG_INFORMATION_FORMAT = "dwarf-with-dsym";
				ENABLE_NS_ASSERTIONS = NO;
				ENABLE_STRICT_OBJC_MSGSEND = YES;
				GCC_C_LANGUAGE_STANDARD = gnu99;
				GCC_NO_COMMON_BLOCKS = YES;
				GCC_WARN_64_TO_32_BIT_CONVERSION = YES;
				GCC_WARN_ABOUT_RETURN_TYPE = YES_ERROR;
				GCC_WARN_UNDECLARED_SELECTOR = YES;
				GCC_WARN_UNINITIALIZED_AUTOS = YES_AGGRESSIVE;
				GCC_WARN_UNUSED_FUNCTION = YES;
				GCC_WARN_UNUSED_VARIABLE = YES;
				IPHONEOS_DEPLOYMENT_TARGET = 9.2;
				MTL_ENABLE_DEBUG_INFO = NO;
				SDKROOT = iphoneos;
				TARGETED_DEVICE_FAMILY = "1,2";
				VALIDATE_PRODUCT = YES;
			};
			name = Release;
		};
		C2C5FE3A1C886BF500667D3E /* Debug */ = {
			isa = XCBuildConfiguration;
			buildSettings = {
				ASSETCATALOG_COMPILER_APPICON_NAME = AppIcon;
				INFOPLIST_FILE = "Awesome Weather App/Info.plist";
				LD_RUNPATH_SEARCH_PATHS = "$(inherited) @executable_path/Frameworks";
				PRODUCT_BUNDLE_IDENTIFIER = "com.sap.Awesome-Weather-App";
				PRODUCT_NAME = "$(TARGET_NAME)";
			};
			name = Debug;
		};
		C2C5FE3B1C886BF500667D3E /* Release */ = {
			isa = XCBuildConfiguration;
			buildSettings = {
				ASSETCATALOG_COMPILER_APPICON_NAME = AppIcon;
				INFOPLIST_FILE = "Awesome Weather App/Info.plist";
				LD_RUNPATH_SEARCH_PATHS = "$(inherited) @executable_path/Frameworks";
				PRODUCT_BUNDLE_IDENTIFIER = "com.sap.Awesome-Weather-App";
				PRODUCT_NAME = "$(TARGET_NAME)";
			};
			name = Release;
		};
/* End XCBuildConfiguration section */

/* Begin XCConfigurationList section */
		C2C5FE221C886BF400667D3E /* Build configuration list for PBXProject "Awesome Weather App" */ = {
			isa = XCConfigurationList;
			buildConfigurations = (
				C2C5FE371C886BF500667D3E /* Debug */,
				C2C5FE381C886BF500667D3E /* Release */,
			);
			defaultConfigurationIsVisible = 0;
			defaultConfigurationName = Release;
		};
		C2C5FE391C886BF500667D3E /* Build configuration list for PBXNativeTarget "Awesome Weather App" */ = {
			isa = XCConfigurationList;
			buildConfigurations = (
				C2C5FE3A1C886BF500667D3E /* Debug */,
				C2C5FE3B1C886BF500667D3E /* Release */,
			);
			defaultConfigurationIsVisible = 0;
		};
/* End XCConfigurationList section */
	};
	rootObject = C2C5FE1F1C886BF400667D3E /* Project object */;
}
